
Microsoft Visual Studio Solution File, Format Version 12.00
# Visual Studio 15
VisualStudioVersion = 15.0.28307.329
MinimumVisualStudioVersion = 10.0.40219.1
Project("{9A19103F-16F7-4668-BE54-9A1E7A4F7556}") = "ReviewMaker", "ReviewMaker.csproj", "{6C806F90-C522-42C4-9E07-17A58018523D}"
EndProject
Project("{9A19103F-16F7-4668-BE54-9A1E7A4F7556}") = "Atlassian.Jira", "..\..\atlassian.net-sdk\Atlassian.Jira\Atlassian.Jira.csproj", "{797F7369-2861-4AE9-A29E-D5A166966087}"
EndProject
Global
	GlobalSection(SolutionConfigurationPlatforms) = preSolution
		Debug|Any CPU = Debug|Any CPU
		Release|Any CPU = Release|Any CPU
	EndGlobalSection
	GlobalSection(ProjectConfigurationPlatforms) = postSolution
		{6C806F90-C522-42C4-9E07-17A58018523D}.Debug|Any CPU.ActiveCfg = Debug|Any CPU
		{6C806F90-C522-42C4-9E07-17A58018523D}.Debug|Any CPU.Build.0 = Debug|Any CPU
		{6C806F90-C522-42C4-9E07-17A58018523D}.Release|Any CPU.ActiveCfg = Release|Any CPU
		{6C806F90-C522-42C4-9E07-17A58018523D}.Release|Any CPU.Build.0 = Release|Any CPU
		{797F7369-2861-4AE9-A29E-D5A166966087}.Debug|Any CPU.ActiveCfg = Debug|Any CPU
		{797F7369-2861-4AE9-A29E-D5A166966087}.Debug|Any CPU.Build.0 = Debug|Any CPU
		{797F7369-2861-4AE9-A29E-D5A166966087}.Release|Any CPU.ActiveCfg = Release|Any CPU
		{797F7369-2861-4AE9-A29E-D5A166966087}.Release|Any CPU.Build.0 = Release|Any CPU
	EndGlobalSection
	GlobalSection(SolutionProperties) = preSolution
		HideSolutionNode = FALSE
	EndGlobalSection
	GlobalSection(ExtensibilityGlobals) = postSolution
		SolutionGuid = {6CC76903-201C-4080-B758-1AB5FAEEBC70}
	EndGlobalSection
EndGlobal
